
Microsoft Visual Studio Solution File, Format Version 12.00
# Visual Studio Version 17
VisualStudioVersion = 17.8.34408.163
MinimumVisualStudioVersion = 10.0.40219.1
Project("{FAE04EC0-301F-11D3-BF4B-00C04F79EFBC}") = "ExemploArquitetura", "ExemploArquitetura\ExemploArquitetura.csproj", "{8FF42CB5-1C3B-4B9E-826A-F65051751762}"
EndProject
Project("{FAE04EC0-301F-11D3-BF4B-00C04F79EFBC}") = "ExemploArquitetura.Domain", "ExemploArquitetura.Domain\ExemploArquitetura.Domain.csproj", "{C163DD67-43C4-4C03-9F31-A5E2B8340FD2}"
EndProject
Project("{FAE04EC0-301F-11D3-BF4B-00C04F79EFBC}") = "ExemploArquitetura.Application", "ExemploArquitetura.Application\ExemploArquitetura.Application.csproj", "{3B1B4841-7ADA-4779-9DBF-CB410682E6E9}"
EndProject
Project("{FAE04EC0-301F-11D3-BF4B-00C04F79EFBC}") = "ExemploArquitetura.Infrastructure", "ExemploArquitetura.Infrastructure\ExemploArquitetura.Infrastructure.csproj", "{BD2C21C1-A7B1-4187-8E0C-41BF2129E231}"
EndProject
Project("{FAE04EC0-301F-11D3-BF4B-00C04F79EFBC}") = "ExemploArquitetura.Tests", "ExemploArquitetura.Tests\ExemploArquitetura.Tests.csproj", "{D7B045BD-8FA2-4BE4-BBD1-9EE986F9F9FE}"
EndProject
Global
	GlobalSection(SolutionConfigurationPlatforms) = preSolution
		Debug|Any CPU = Debug|Any CPU
		Release|Any CPU = Release|Any CPU
	EndGlobalSection
	GlobalSection(ProjectConfigurationPlatforms) = postSolution
		{8FF42CB5-1C3B-4B9E-826A-F65051751762}.Debug|Any CPU.ActiveCfg = Debug|Any CPU
		{8FF42CB5-1C3B-4B9E-826A-F65051751762}.Debug|Any CPU.Build.0 = Debug|Any CPU
		{8FF42CB5-1C3B-4B9E-826A-F65051751762}.Release|Any CPU.ActiveCfg = Release|Any CPU
		{8FF42CB5-1C3B-4B9E-826A-F65051751762}.Release|Any CPU.Build.0 = Release|Any CPU
		{C163DD67-43C4-4C03-9F31-A5E2B8340FD2}.Debug|Any CPU.ActiveCfg = Debug|Any CPU
		{C163DD67-43C4-4C03-9F31-A5E2B8340FD2}.Debug|Any CPU.Build.0 = Debug|Any CPU
		{C163DD67-43C4-4C03-9F31-A5E2B8340FD2}.Release|Any CPU.ActiveCfg = Release|Any CPU
		{C163DD67-43C4-4C03-9F31-A5E2B8340FD2}.Release|Any CPU.Build.0 = Release|Any CPU
		{3B1B4841-7ADA-4779-9DBF-CB410682E6E9}.Debug|Any CPU.ActiveCfg = Debug|Any CPU
		{3B1B4841-7ADA-4779-9DBF-CB410682E6E9}.Debug|Any CPU.Build.0 = Debug|Any CPU
		{3B1B4841-7ADA-4779-9DBF-CB410682E6E9}.Release|Any CPU.ActiveCfg = Release|Any CPU
		{3B1B4841-7ADA-4779-9DBF-CB410682E6E9}.Release|Any CPU.Build.0 = Release|Any CPU
		{BD2C21C1-A7B1-4187-8E0C-41BF2129E231}.Debug|Any CPU.ActiveCfg = Debug|Any CPU
		{BD2C21C1-A7B1-4187-8E0C-41BF2129E231}.Debug|Any CPU.Build.0 = Debug|Any CPU
		{BD2C21C1-A7B1-4187-8E0C-41BF2129E231}.Release|Any CPU.ActiveCfg = Release|Any CPU
		{BD2C21C1-A7B1-4187-8E0C-41BF2129E231}.Release|Any CPU.Build.0 = Release|Any CPU
		{D7B045BD-8FA2-4BE4-BBD1-9EE986F9F9FE}.Debug|Any CPU.ActiveCfg = Debug|Any CPU
		{D7B045BD-8FA2-4BE4-BBD1-9EE986F9F9FE}.Debug|Any CPU.Build.0 = Debug|Any CPU
		{D7B045BD-8FA2-4BE4-BBD1-9EE986F9F9FE}.Release|Any CPU.ActiveCfg = Release|Any CPU
		{D7B045BD-8FA2-4BE4-BBD1-9EE986F9F9FE}.Release|Any CPU.Build.0 = Release|Any CPU
	EndGlobalSection
	GlobalSection(SolutionProperties) = preSolution
		HideSolutionNode = FALSE
	EndGlobalSection
	GlobalSection(ExtensibilityGlobals) = postSolution
		SolutionGuid = {4F775B6D-4C1A-44D7-BB63-AD75F8363C35}
	EndGlobalSection
EndGlobal
